
Microsoft Visual Studio Solution File, Format Version 12.00
# Visual Studio Version 16
VisualStudioVersion = 16.0.30907.101
MinimumVisualStudioVersion = 10.0.40219.1
Project("{9A19103F-16F7-4668-BE54-9A1E7A4F7556}") = "Kampintro", "Kampintro\Kampintro.csproj", "{43C98A25-1022-468F-BF30-B657C4D7DAC5}"
EndProject
Project("{9A19103F-16F7-4668-BE54-9A1E7A4F7556}") = "Döngüler", "Döngüler\Döngüler.csproj", "{F91638F0-428E-459D-B86E-7EBDC1064837}"
EndProject
Project("{9A19103F-16F7-4668-BE54-9A1E7A4F7556}") = "Classintro", "Classintro\Classintro.csproj", "{DA09CE39-532F-4284-A57E-0F915C1ADA96}"
EndProject
Project("{9A19103F-16F7-4668-BE54-9A1E7A4F7556}") = "Metotlar", "Metotlar\Metotlar.csproj", "{74CCAC53-082D-4AE6-9787-31CF563D5A2E}"
EndProject
Project("{9A19103F-16F7-4668-BE54-9A1E7A4F7556}") = "Matematik", "Matematik\Matematik.csproj", "{F0FA552E-869E-4D5B-8BB1-D63B89702729}"
EndProject
Project("{9A19103F-16F7-4668-BE54-9A1E7A4F7556}") = "DegerVeReferansTipler", "DegerVeReferansTipler\DegerVeReferansTipler.csproj", "{D58CA3BF-5E7F-4F98-896E-4546904B5BE2}"
EndProject
Project("{FAE04EC0-301F-11D3-BF4B-00C04F79EFBC}") = "OOP1", "OOP1\OOP1.csproj", "{AFD6916D-0727-4216-8B6E-31C42A2E225F}"
EndProject
Global
	GlobalSection(SolutionConfigurationPlatforms) = preSolution
		Debug|Any CPU = Debug|Any CPU
		Release|Any CPU = Release|Any CPU
	EndGlobalSection
	GlobalSection(ProjectConfigurationPlatforms) = postSolution
		{43C98A25-1022-468F-BF30-B657C4D7DAC5}.Debug|Any CPU.ActiveCfg = Debug|Any CPU
		{43C98A25-1022-468F-BF30-B657C4D7DAC5}.Debug|Any CPU.Build.0 = Debug|Any CPU
		{43C98A25-1022-468F-BF30-B657C4D7DAC5}.Release|Any CPU.ActiveCfg = Release|Any CPU
		{43C98A25-1022-468F-BF30-B657C4D7DAC5}.Release|Any CPU.Build.0 = Release|Any CPU
		{F91638F0-428E-459D-B86E-7EBDC1064837}.Debug|Any CPU.ActiveCfg = Debug|Any CPU
		{F91638F0-428E-459D-B86E-7EBDC1064837}.Debug|Any CPU.Build.0 = Debug|Any CPU
		{F91638F0-428E-459D-B86E-7EBDC1064837}.Release|Any CPU.ActiveCfg = Release|Any CPU
		{F91638F0-428E-459D-B86E-7EBDC1064837}.Release|Any CPU.Build.0 = Release|Any CPU
		{DA09CE39-532F-4284-A57E-0F915C1ADA96}.Debug|Any CPU.ActiveCfg = Debug|Any CPU
		{DA09CE39-532F-4284-A57E-0F915C1ADA96}.Debug|Any CPU.Build.0 = Debug|Any CPU
		{DA09CE39-532F-4284-A57E-0F915C1ADA96}.Release|Any CPU.ActiveCfg = Release|Any CPU
		{DA09CE39-532F-4284-A57E-0F915C1ADA96}.Release|Any CPU.Build.0 = Release|Any CPU
		{74CCAC53-082D-4AE6-9787-31CF563D5A2E}.Debug|Any CPU.ActiveCfg = Debug|Any CPU
		{74CCAC53-082D-4AE6-9787-31CF563D5A2E}.Debug|Any CPU.Build.0 = Debug|Any CPU
		{74CCAC53-082D-4AE6-9787-31CF563D5A2E}.Release|Any CPU.ActiveCfg = Release|Any CPU
		{74CCAC53-082D-4AE6-9787-31CF563D5A2E}.Release|Any CPU.Build.0 = Release|Any CPU
		{F0FA552E-869E-4D5B-8BB1-D63B89702729}.Debug|Any CPU.ActiveCfg = Debug|Any CPU
		{F0FA552E-869E-4D5B-8BB1-D63B89702729}.Debug|Any CPU.Build.0 = Debug|Any CPU
		{F0FA552E-869E-4D5B-8BB1-D63B89702729}.Release|Any CPU.ActiveCfg = Release|Any CPU
		{F0FA552E-869E-4D5B-8BB1-D63B89702729}.Release|Any CPU.Build.0 = Release|Any CPU
		{D58CA3BF-5E7F-4F98-896E-4546904B5BE2}.Debug|Any CPU.ActiveCfg = Debug|Any CPU
		{D58CA3BF-5E7F-4F98-896E-4546904B5BE2}.Debug|Any CPU.Build.0 = Debug|Any CPU
		{D58CA3BF-5E7F-4F98-896E-4546904B5BE2}.Release|Any CPU.ActiveCfg = Release|Any CPU
		{D58CA3BF-5E7F-4F98-896E-4546904B5BE2}.Release|Any CPU.Build.0 = Release|Any CPU
		{AFD6916D-0727-4216-8B6E-31C42A2E225F}.Debug|Any CPU.ActiveCfg = Debug|Any CPU
		{AFD6916D-0727-4216-8B6E-31C42A2E225F}.Debug|Any CPU.Build.0 = Debug|Any CPU
		{AFD6916D-0727-4216-8B6E-31C42A2E225F}.Release|Any CPU.ActiveCfg = Release|Any CPU
		{AFD6916D-0727-4216-8B6E-31C42A2E225F}.Release|Any CPU.Build.0 = Release|Any CPU
	EndGlobalSection
	GlobalSection(SolutionProperties) = preSolution
		HideSolutionNode = FALSE
	EndGlobalSection
	GlobalSection(ExtensibilityGlobals) = postSolution
		SolutionGuid = {99156721-5E86-47D7-A2ED-33D297031A5F}
	EndGlobalSection
EndGlobal
